
Microsoft Visual Studio Solution File, Format Version 12.00
# Visual Studio 14
VisualStudioVersion = 14.0.25420.1
MinimumVisualStudioVersion = 10.0.40219.1
Project("{FAE04EC0-301F-11D3-BF4B-00C04F79EFBC}") = "Test", "Test\Test.csproj", "{FE746262-A2E9-4787-BF3B-60A4039B5BA9}"
EndProject
Project("{FAE04EC0-301F-11D3-BF4B-00C04F79EFBC}") = "TruthEye", "TruthEye\TruthEye.csproj", "{7DD578BC-0F15-47A8-BE21-41E9FCE75840}"
EndProject
Global
	GlobalSection(SolutionConfigurationPlatforms) = preSolution
		Debug|Any CPU = Debug|Any CPU
		Release|Any CPU = Release|Any CPU
	EndGlobalSection
	GlobalSection(ProjectConfigurationPlatforms) = postSolution
		{FE746262-A2E9-4787-BF3B-60A4039B5BA9}.Debug|Any CPU.ActiveCfg = Debug|Any CPU
		{FE746262-A2E9-4787-BF3B-60A4039B5BA9}.Debug|Any CPU.Build.0 = Debug|Any CPU
		{FE746262-A2E9-4787-BF3B-60A4039B5BA9}.Release|Any CPU.ActiveCfg = Release|Any CPU
		{FE746262-A2E9-4787-BF3B-60A4039B5BA9}.Release|Any CPU.Build.0 = Release|Any CPU
		{7DD578BC-0F15-47A8-BE21-41E9FCE75840}.Debug|Any CPU.ActiveCfg = Debug|Any CPU
		{7DD578BC-0F15-47A8-BE21-41E9FCE75840}.Debug|Any CPU.Build.0 = Debug|Any CPU
		{7DD578BC-0F15-47A8-BE21-41E9FCE75840}.Release|Any CPU.ActiveCfg = Release|Any CPU
		{7DD578BC-0F15-47A8-BE21-41E9FCE75840}.Release|Any CPU.Build.0 = Release|Any CPU
	EndGlobalSection
	GlobalSection(SolutionProperties) = preSolution
		HideSolutionNode = FALSE
	EndGlobalSection
EndGlobal
